Microsoft Visual Studio Solution File, Format Version 12.00
# Visual Studio Version 17
VisualStudioVersion = 17.2.32519.379
MinimumVisualStudioVersion = 10.0.40219.1
Project("{9A19103F-16F7-4668-BE54-9A1E7A4F7556}") = "RimGoddess.Base", "RBase\RimGoddess.Base.csproj", "{B1FCC9F3-36F9-41BA-B263-55278D53E03B}"
EndProject
Project("{9A19103F-16F7-4668-BE54-9A1E7A4F7556}") = "RimGodess.Race", "RimGodess.Race\RimGodess.Race.csproj", "{9677E812-5866-487A-839C-73FC7D5713D7}"
EndProject
Global
	GlobalSection(SolutionConfigurationPlatforms) = preSolution
		Debug|Any CPU = Debug|Any CPU
		Release|Any CPU = Release|Any CPU
	EndGlobalSection
	GlobalSection(ProjectConfigurationPlatforms) = postSolution
		{B1FCC9F3-36F9-41BA-B263-55278D53E03B}.Debug|Any CPU.ActiveCfg = Debug|Any CPU
		{B1FCC9F3-36F9-41BA-B263-55278D53E03B}.Debug|Any CPU.Build.0 = Debug|Any CPU
		{B1FCC9F3-36F9-41BA-B263-55278D53E03B}.Release|Any CPU.ActiveCfg = Release|Any CPU
		{B1FCC9F3-36F9-41BA-B263-55278D53E03B}.Release|Any CPU.Build.0 = Release|Any CPU
		{9677E812-5866-487A-839C-73FC7D5713D7}.Debug|Any CPU.ActiveCfg = Debug|Any CPU
		{9677E812-5866-487A-839C-73FC7D5713D7}.Debug|Any CPU.Build.0 = Debug|Any CPU
		{9677E812-5866-487A-839C-73FC7D5713D7}.Release|Any CPU.ActiveCfg = Release|Any CPU
		{9677E812-5866-487A-839C-73FC7D5713D7}.Release|Any CPU.Build.0 = Release|Any CPU
	EndGlobalSection
	GlobalSection(SolutionProperties) = preSolution
		HideSolutionNode = FALSE
	EndGlobalSection
	GlobalSection(ExtensibilityGlobals) = postSolution
		SolutionGuid = {47839980-e8ef-449d-8252-029eaf498e84}
	EndGlobalSection
EndGlobal
