Microsoft Visual Studio Solution File, Format Version 12.00
# Visual Studio Version 16
VisualStudioVersion = 16.0.31624.102
MinimumVisualStudioVersion = 10.0.40219.1
Project("{202750ee-cf18-4704-aef6-f6950aadbeb0}") = "RimGodess.Race", "RimGodess.Race\RimGodess.Race.csproj", "{f89dd7b9-a04f-4e51-8c21-c9166bcb149a]}"
EndProject
Global
	GlobalSection(SolutionConfigurationPlatforms) = preSolution
		Debug|Any CPU = Debug|Any CPU
		Release|Any CPU = Release|Any CPU
	EndGlobalSection
	GlobalSection(ProjectConfigurationPlatforms) = postSolution
		{f89dd7b9-a04f-4e51-8c21-c9166bcb149a}.Debug|Any CPU.ActiveCfg = Debug|Any CPU
		{f89dd7b9-a04f-4e51-8c21-c9166bcb149a}.Debug|Any CPU.Build.0 = Debug|Any CPU
		{f89dd7b9-a04f-4e51-8c21-c9166bcb149a}.Release|Any CPU.ActiveCfg = Release|Any CPU
		{f89dd7b9-a04f-4e51-8c21-c9166bcb149a}.Release|Any CPU.Build.0 = Release|Any CPU
	EndGlobalSection
	GlobalSection(SolutionProperties) = preSolution
		HideSolutionNode = FALSE
	EndGlobalSection
	GlobalSection(ExtensibilityGlobals) = postSolution
		SolutionGuid = {1b4aaa00-5ca2-4db0-8399-85e26dbe6572}
	EndGlobalSection
EndGlobal
